
Microsoft Visual Studio Solution File, Format Version 12.00
# Visual Studio Version 17
VisualStudioVersion = 17.5.002.0
MinimumVisualStudioVersion = 10.0.40219.1
Project("{9A19103F-16F7-4668-BE54-9A1E7A4F7556}") = "RandomName", "RandomName.csproj", "{2043B2E4-9548-461E-99C4-35918C3F5DC9}"
EndProject
Global
	GlobalSection(SolutionConfigurationPlatforms) = preSolution
		Debug|Any CPU = Debug|Any CPU
		Release|Any CPU = Release|Any CPU
	EndGlobalSection
	GlobalSection(ProjectConfigurationPlatforms) = postSolution
		{2043B2E4-9548-461E-99C4-35918C3F5DC9}.Debug|Any CPU.ActiveCfg = Debug|Any CPU
		{2043B2E4-9548-461E-99C4-35918C3F5DC9}.Debug|Any CPU.Build.0 = Debug|Any CPU
		{2043B2E4-9548-461E-99C4-35918C3F5DC9}.Release|Any CPU.ActiveCfg = Release|Any CPU
		{2043B2E4-9548-461E-99C4-35918C3F5DC9}.Release|Any CPU.Build.0 = Release|Any CPU
	EndGlobalSection
	GlobalSection(SolutionProperties) = preSolution
		HideSolutionNode = FALSE
	EndGlobalSection
	GlobalSection(ExtensibilityGlobals) = postSolution
		SolutionGuid = {BD25A4ED-7C7A-4F9C-B3F7-41C78079C439}
	EndGlobalSection
EndGlobal
